
Microsoft Visual Studio Solution File, Format Version 12.00
# Visual Studio 2013
VisualStudioVersion = 12.0.21005.1
MinimumVisualStudioVersion = 10.0.40219.1
Project("{FAE04EC0-301F-11D3-BF4B-00C04F79EFBC}") = "PMSInterface", "PMSInterface\PMSInterface.csproj", "{717DABDC-A1E7-4649-B986-76F17D53DA77}"
EndProject
Project("{FAE04EC0-301F-11D3-BF4B-00C04F79EFBC}") = "Utils", "Utils\Utils.csproj", "{2130DF99-FEED-46EC-8BB5-17A97F32E666}"
EndProject
Project("{FAE04EC0-301F-11D3-BF4B-00C04F79EFBC}") = "Model", "Model\Model.csproj", "{C153920C-5EE6-4BFD-87C0-BC0400ACF65F}"
EndProject
Global
	GlobalSection(SolutionConfigurationPlatforms) = preSolution
		Debug|Any CPU = Debug|Any CPU
		Release|Any CPU = Release|Any CPU
	EndGlobalSection
	GlobalSection(ProjectConfigurationPlatforms) = postSolution
		{717DABDC-A1E7-4649-B986-76F17D53DA77}.Debug|Any CPU.ActiveCfg = Release|Any CPU
		{717DABDC-A1E7-4649-B986-76F17D53DA77}.Debug|Any CPU.Build.0 = Release|Any CPU
		{717DABDC-A1E7-4649-B986-76F17D53DA77}.Release|Any CPU.ActiveCfg = Release|Any CPU
		{717DABDC-A1E7-4649-B986-76F17D53DA77}.Release|Any CPU.Build.0 = Release|Any CPU
		{2130DF99-FEED-46EC-8BB5-17A97F32E666}.Debug|Any CPU.ActiveCfg = Release|Any CPU
		{2130DF99-FEED-46EC-8BB5-17A97F32E666}.Debug|Any CPU.Build.0 = Release|Any CPU
		{2130DF99-FEED-46EC-8BB5-17A97F32E666}.Release|Any CPU.ActiveCfg = Release|Any CPU
		{2130DF99-FEED-46EC-8BB5-17A97F32E666}.Release|Any CPU.Build.0 = Release|Any CPU
		{C153920C-5EE6-4BFD-87C0-BC0400ACF65F}.Debug|Any CPU.ActiveCfg = Release|Any CPU
		{C153920C-5EE6-4BFD-87C0-BC0400ACF65F}.Debug|Any CPU.Build.0 = Release|Any CPU
		{C153920C-5EE6-4BFD-87C0-BC0400ACF65F}.Release|Any CPU.ActiveCfg = Release|Any CPU
		{C153920C-5EE6-4BFD-87C0-BC0400ACF65F}.Release|Any CPU.Build.0 = Release|Any CPU
	EndGlobalSection
	GlobalSection(SolutionProperties) = preSolution
		HideSolutionNode = FALSE
	EndGlobalSection
EndGlobal
